// !$*UTF8*$!
{
	archiveVersion = 1;
	classes = {
	};
	objectVersion = 56;
	objects = {

/* Begin PBXBuildFile section */
		DB10DF822DD93C970066DA77 /* CellBlocks.swift in Sources */ = {isa = PBXBuildFile; fileRef = DB10DF812DD93C970066DA77 /* CellBlocks.swift */; };
		DB10DF842DD93E9E0066DA77 /* BlocksModel.swift in Sources */ = {isa = PBXBuildFile; fileRef = DB10DF832DD93E9E0066DA77 /* BlocksModel.swift */; };
		DB1A30422DD9102300FF0205 /* NetworkService.swift in Sources */ = {isa = PBXBuildFile; fileRef = DB1A30412DD9102300FF0205 /* NetworkService.swift */; };
		DB1A30442DD91AFD00FF0205 /* NewsModel.swift in Sources */ = {isa = PBXBuildFile; fileRef = DB1A30432DD91AFD00FF0205 /* NewsModel.swift */; };
		DB1B84BE2DDCF43E00C27532 /* Launch Screen.storyboard in Resources */ = {isa = PBXBuildFile; fileRef = DB1B84BD2DDCF43E00C27532 /* Launch Screen.storyboard */; };
		DB1B84C02DDCFA4800C27532 /* CustomAlert.swift in Sources */ = {isa = PBXBuildFile; fileRef = DB1B84BF2DDCFA4800C27532 /* CustomAlert.swift */; };
		DB3067FE2DDA6CA900CD5144 /* CellBlocked.swift in Sources */ = {isa = PBXBuildFile; fileRef = DB3067FD2DDA6CA900CD5144 /* CellBlocked.swift */; };
		DB3068002DDA752F00CD5144 /* EmptyViewApp.swift in Sources */ = {isa = PBXBuildFile; fileRef = DB3067FF2DDA752F00CD5144 /* EmptyViewApp.swift */; };
		DB3613212DD8BFBB005933CA /* NewsApp.swift in Sources */ = {isa = PBXBuildFile; fileRef = DB3613202DD8BFBB005933CA /* NewsApp.swift */; };
		DB3613232DD8BFBB005933CA /* MainView.swift in Sources */ = {isa = PBXBuildFile; fileRef = DB3613222DD8BFBB005933CA /* MainView.swift */; };
		DB3613252DD8BFBE005933CA /* Assets.xcassets in Resources */ = {isa = PBXBuildFile; fileRef = DB3613242DD8BFBE005933CA /* Assets.xcassets */; };
		DB3613282DD8BFBE005933CA /* Preview Assets.xcassets in Resources */ = {isa = PBXBuildFile; fileRef = DB3613272DD8BFBE005933CA /* Preview Assets.xcassets */; };
		DB3613322DD8BFBE005933CA /* NewsTests.swift in Sources */ = {isa = PBXBuildFile; fileRef = DB3613312DD8BFBE005933CA /* NewsTests.swift */; };
		DB36133C2DD8BFBE005933CA /* NewsUITests.swift in Sources */ = {isa = PBXBuildFile; fileRef = DB36133B2DD8BFBE005933CA /* NewsUITests.swift */; };
		DB36133E2DD8BFBE005933CA /* NewsUITestsLaunchTests.swift in Sources */ = {isa = PBXBuildFile; fileRef = DB36133D2DD8BFBE005933CA /* NewsUITestsLaunchTests.swift */; };
		DB36134B2DD8C7E8005933CA /* Screens.swift in Sources */ = {isa = PBXBuildFile; fileRef = DB36134A2DD8C7E8005933CA /* Screens.swift */; };
		DB3613512DD8D055005933CA /* FavoritesView.swift in Sources */ = {isa = PBXBuildFile; fileRef = DB3613502DD8D055005933CA /* FavoritesView.swift */; };
		DB3613532DD8D062005933CA /* BlockedView.swift in Sources */ = {isa = PBXBuildFile; fileRef = DB3613522DD8D062005933CA /* BlockedView.swift */; };
		DB3613552DD8D081005933CA /* AllNews.swift in Sources */ = {isa = PBXBuildFile; fileRef = DB3613542DD8D081005933CA /* AllNews.swift */; };
		DB3613572DD8EA13005933CA /* CellNews.swift in Sources */ = {isa = PBXBuildFile; fileRef = DB3613562DD8EA13005933CA /* CellNews.swift */; };
		DB3613592DD8F117005933CA /* Sizes.swift in Sources */ = {isa = PBXBuildFile; fileRef = DB3613582DD8F117005933CA /* Sizes.swift */; };
		DB637C062DDA124600EA584F /* PersistenceController.swift in Sources */ = {isa = PBXBuildFile; fileRef = DB637C052DDA124600EA584F /* PersistenceController.swift */; };
		DB637C092DDA154E00EA584F /* CoreData.framework in Frameworks */ = {isa = PBXBuildFile; fileRef = DB637C082DDA154E00EA584F /* CoreData.framework */; };
		DB637C0C2DDA157A00EA584F /* FavoritesModel.xcdatamodeld in Sources */ = {isa = PBXBuildFile; fileRef = DB637C0A2DDA157A00EA584F /* FavoritesModel.xcdatamodeld */; };
		DB637C0E2DDA190C00EA584F /* MenuView.swift in Sources */ = {isa = PBXBuildFile; fileRef = DB637C0D2DDA190C00EA584F /* MenuView.swift */; };
		DB637C102DDA27CB00EA584F /* DataServices.swift in Sources */ = {isa = PBXBuildFile; fileRef = DB637C0F2DDA27CB00EA584F /* DataServices.swift */; };
		DB637C122DDA2D7800EA584F /* CellFavorites.swift in Sources */ = {isa = PBXBuildFile; fileRef = DB637C112DDA2D7800EA584F /* CellFavorites.swift */; };
		DBE4A79B2DDBC36000B3B8C9 /* ErrorApp.swift in Sources */ = {isa = PBXBuildFile; fileRef = DBE4A79A2DDBC35F00B3B8C9 /* ErrorApp.swift */; };
/* End PBXBuildFile section */

/* Begin PBXContainerItemProxy section */
		DB36132E2DD8BFBE005933CA /* PBXContainerItemProxy */ = {
			isa = PBXContainerItemProxy;
			containerPortal = DB3613152DD8BFBB005933CA /* Project object */;
			proxyType = 1;
			remoteGlobalIDString = DB36131C2DD8BFBB005933CA;
			remoteInfo = News;
		};
		DB3613382DD8BFBE005933CA /* PBXContainerItemProxy */ = {
			isa = PBXContainerItemProxy;
			containerPortal = DB3613152DD8BFBB005933CA /* Project object */;
			proxyType = 1;
			remoteGlobalIDString = DB36131C2DD8BFBB005933CA;
			remoteInfo = News;
		};
/* End PBXContainerItemProxy section */

/* Begin PBXFileReference section */
		DB10DF812DD93C970066DA77 /* CellBlocks.swift */ = {isa = PBXFileReference; lastKnownFileType = sourcecode.swift; path = CellBlocks.swift; sourceTree = "<group>"; };
		DB10DF832DD93E9E0066DA77 /* BlocksModel.swift */ = {isa = PBXFileReference; lastKnownFileType = sourcecode.swift; path = BlocksModel.swift; sourceTree = "<group>"; };
		DB1A30412DD9102300FF0205 /* NetworkService.swift */ = {isa = PBXFileReference; lastKnownFileType = sourcecode.swift; path = NetworkService.swift; sourceTree = "<group>"; };
		DB1A30432DD91AFD00FF0205 /* NewsModel.swift */ = {isa = PBXFileReference; lastKnownFileType = sourcecode.swift; path = NewsModel.swift; sourceTree = "<group>"; };
		DB1B84BD2DDCF43E00C27532 /* Launch Screen.storyboard */ = {isa = PBXFileReference; lastKnownFileType = file.storyboard; path = "Launch Screen.storyboard"; sourceTree = "<group>"; };
		DB1B84BF2DDCFA4800C27532 /* CustomAlert.swift */ = {isa = PBXFileReference; lastKnownFileType = sourcecode.swift; path = CustomAlert.swift; sourceTree = "<group>"; };
		DB3067FD2DDA6CA900CD5144 /* CellBlocked.swift */ = {isa = PBXFileReference; lastKnownFileType = sourcecode.swift; path = CellBlocked.swift; sourceTree = "<group>"; };
		DB3067FF2DDA752F00CD5144 /* EmptyViewApp.swift */ = {isa = PBXFileReference; lastKnownFileType = sourcecode.swift; path = EmptyViewApp.swift; sourceTree = "<group>"; };
		DB36131D2DD8BFBB005933CA /* News.app */ = {isa = PBXFileReference; explicitFileType = wrapper.application; includeInIndex = 0; path = News.app; sourceTree = BUILT_PRODUCTS_DIR; };
		DB3613202DD8BFBB005933CA /* NewsApp.swift */ = {isa = PBXFileReference; lastKnownFileType = sourcecode.swift; path = NewsApp.swift; sourceTree = "<group>"; };
		DB3613222DD8BFBB005933CA /* MainView.swift */ = {isa = PBXFileReference; lastKnownFileType = sourcecode.swift; path = MainView.swift; sourceTree = "<group>"; };
		DB3613242DD8BFBE005933CA /* Assets.xcassets */ = {isa = PBXFileReference; lastKnownFileType = folder.assetcatalog; path = Assets.xcassets; sourceTree = "<group>"; };
		DB3613272DD8BFBE005933CA /* Preview Assets.xcassets */ = {isa = PBXFileReference; lastKnownFileType = folder.assetcatalog; path = "Preview Assets.xcassets"; sourceTree = "<group>"; };
		DB36132D2DD8BFBE005933CA /* NewsTests.xctest */ = {isa = PBXFileReference; explicitFileType = wrapper.cfbundle; includeInIndex = 0; path = NewsTests.xctest; sourceTree = BUILT_PRODUCTS_DIR; };
		DB3613312DD8BFBE005933CA /* NewsTests.swift */ = {isa = PBXFileReference; lastKnownFileType = sourcecode.swift; path = NewsTests.swift; sourceTree = "<group>"; };
		DB3613372DD8BFBE005933CA /* NewsUITests.xctest */ = {isa = PBXFileReference; explicitFileType = wrapper.cfbundle; includeInIndex = 0; path = NewsUITests.xctest; sourceTree = BUILT_PRODUCTS_DIR; };
		DB36133B2DD8BFBE005933CA /* NewsUITests.swift */ = {isa = PBXFileReference; lastKnownFileType = sourcecode.swift; path = NewsUITests.swift; sourceTree = "<group>"; };
		DB36133D2DD8BFBE005933CA /* NewsUITestsLaunchTests.swift */ = {isa = PBXFileReference; lastKnownFileType = sourcecode.swift; path = NewsUITestsLaunchTests.swift; sourceTree = "<group>"; };
		DB36134A2DD8C7E8005933CA /* Screens.swift */ = {isa = PBXFileReference; lastKnownFileType = sourcecode.swift; path = Screens.swift; sourceTree = "<group>"; };
		DB3613502DD8D055005933CA /* FavoritesView.swift */ = {isa = PBXFileReference; lastKnownFileType = sourcecode.swift; path = FavoritesView.swift; sourceTree = "<group>"; };
		DB3613522DD8D062005933CA /* BlockedView.swift */ = {isa = PBXFileReference; lastKnownFileType = sourcecode.swift; path = BlockedView.swift; sourceTree = "<group>"; };
		DB3613542DD8D081005933CA /* AllNews.swift */ = {isa = PBXFileReference; lastKnownFileType = sourcecode.swift; path = AllNews.swift; sourceTree = "<group>"; };
		DB3613562DD8EA13005933CA /* CellNews.swift */ = {isa = PBXFileReference; lastKnownFileType = sourcecode.swift; path = CellNews.swift; sourceTree = "<group>"; };
		DB3613582DD8F117005933CA /* Sizes.swift */ = {isa = PBXFileReference; lastKnownFileType = sourcecode.swift; path = Sizes.swift; sourceTree = "<group>"; };
		DB637C052DDA124600EA584F /* PersistenceController.swift */ = {isa = PBXFileReference; lastKnownFileType = sourcecode.swift; path = PersistenceController.swift; sourceTree = "<group>"; };
		DB637C082DDA154E00EA584F /* CoreData.framework */ = {isa = PBXFileReference; lastKnownFileType = wrapper.framework; name = CoreData.framework; path = System/Library/Frameworks/CoreData.framework; sourceTree = SDKROOT; };
		DB637C0B2DDA157A00EA584F /* FavoritesModel.xcdatamodel */ = {isa = PBXFileReference; lastKnownFileType = wrapper.xcdatamodel; path = FavoritesModel.xcdatamodel; sourceTree = "<group>"; };
		DB637C0D2DDA190C00EA584F /* MenuView.swift */ = {isa = PBXFileReference; lastKnownFileType = sourcecode.swift; path = MenuView.swift; sourceTree = "<group>"; };
		DB637C0F2DDA27CB00EA584F /* DataServices.swift */ = {isa = PBXFileReference; lastKnownFileType = sourcecode.swift; path = DataServices.swift; sourceTree = "<group>"; };
		DB637C112DDA2D7800EA584F /* CellFavorites.swift */ = {isa = PBXFileReference; lastKnownFileType = sourcecode.swift; path = CellFavorites.swift; sourceTree = "<group>"; };
		DBE4A79A2DDBC35F00B3B8C9 /* ErrorApp.swift */ = {isa = PBXFileReference; lastKnownFileType = sourcecode.swift; path = ErrorApp.swift; sourceTree = "<group>"; };
/* End PBXFileReference section */

/* Begin PBXFrameworksBuildPhase section */
		DB36131A2DD8BFBB005933CA /* Frameworks */ = {
			isa = PBXFrameworksBuildPhase;
			buildActionMask = 2147483647;
			files = (
				DB637C092DDA154E00EA584F /* CoreData.framework in Frameworks */,
			);
			runOnlyForDeploymentPostprocessing = 0;
		};
		DB36132A2DD8BFBE005933CA /* Frameworks */ = {
			isa = PBXFrameworksBuildPhase;
			buildActionMask = 2147483647;
			files = (
			);
			runOnlyForDeploymentPostprocessing = 0;
		};
		DB3613342DD8BFBE005933CA /* Frameworks */ = {
			isa = PBXFrameworksBuildPhase;
			buildActionMask = 2147483647;
			files = (
			);
			runOnlyForDeploymentPostprocessing = 0;
		};
/* End PBXFrameworksBuildPhase section */

/* Begin PBXGroup section */
		DB3613142DD8BFBB005933CA = {
			isa = PBXGroup;
			children = (
				DB36131F2DD8BFBB005933CA /* News */,
				DB3613302DD8BFBE005933CA /* NewsTests */,
				DB36133A2DD8BFBE005933CA /* NewsUITests */,
				DB36131E2DD8BFBB005933CA /* Products */,
				DB637C072DDA154E00EA584F /* Frameworks */,
			);
			sourceTree = "<group>";
		};
		DB36131E2DD8BFBB005933CA /* Products */ = {
			isa = PBXGroup;
			children = (
				DB36131D2DD8BFBB005933CA /* News.app */,
				DB36132D2DD8BFBE005933CA /* NewsTests.xctest */,
				DB3613372DD8BFBE005933CA /* NewsUITests.xctest */,
			);
			name = Products;
			sourceTree = "<group>";
		};
		DB36131F2DD8BFBB005933CA /* News */ = {
			isa = PBXGroup;
			children = (
				DB3613202DD8BFBB005933CA /* NewsApp.swift */,
				DBE4A79D2DDBD3A500B3B8C9 /* Screens */,
				DBE4A79C2DDBD38400B3B8C9 /* Models */,
				DBE4A79F2DDBD43C00B3B8C9 /* Services */,
				DB3613582DD8F117005933CA /* Sizes.swift */,
				DB1B84BD2DDCF43E00C27532 /* Launch Screen.storyboard */,
				DB3613242DD8BFBE005933CA /* Assets.xcassets */,
				DB3613262DD8BFBE005933CA /* Preview Content */,
				DB637C0A2DDA157A00EA584F /* FavoritesModel.xcdatamodeld */,
			);
			path = News;
			sourceTree = "<group>";
		};
		DB3613262DD8BFBE005933CA /* Preview Content */ = {
			isa = PBXGroup;
			children = (
				DB3613272DD8BFBE005933CA /* Preview Assets.xcassets */,
			);
			path = "Preview Content";
			sourceTree = "<group>";
		};
		DB3613302DD8BFBE005933CA /* NewsTests */ = {
			isa = PBXGroup;
			children = (
				DB3613312DD8BFBE005933CA /* NewsTests.swift */,
			);
			path = NewsTests;
			sourceTree = "<group>";
		};
		DB36133A2DD8BFBE005933CA /* NewsUITests */ = {
			isa = PBXGroup;
			children = (
				DB36133B2DD8BFBE005933CA /* NewsUITests.swift */,
				DB36133D2DD8BFBE005933CA /* NewsUITestsLaunchTests.swift */,
			);
			path = NewsUITests;
			sourceTree = "<group>";
		};
		DB637C072DDA154E00EA584F /* Frameworks */ = {
			isa = PBXGroup;
			children = (
				DB637C082DDA154E00EA584F /* CoreData.framework */,
			);
			name = Frameworks;
			sourceTree = "<group>";
		};
		DBE4A79C2DDBD38400B3B8C9 /* Models */ = {
			isa = PBXGroup;
			children = (
				DB1A30432DD91AFD00FF0205 /* NewsModel.swift */,
				DBE4A79A2DDBC35F00B3B8C9 /* ErrorApp.swift */,
				DB10DF832DD93E9E0066DA77 /* BlocksModel.swift */,
			);
			path = Models;
			sourceTree = "<group>";
		};
		DBE4A79D2DDBD3A500B3B8C9 /* Screens */ = {
			isa = PBXGroup;
			children = (
				DB1B84BF2DDCFA4800C27532 /* CustomAlert.swift */,
				DB3067FF2DDA752F00CD5144 /* EmptyViewApp.swift */,
				DB3613502DD8D055005933CA /* FavoritesView.swift */,
				DB3613522DD8D062005933CA /* BlockedView.swift */,
				DB3613542DD8D081005933CA /* AllNews.swift */,
				DB3613222DD8BFBB005933CA /* MainView.swift */,
				DB637C0D2DDA190C00EA584F /* MenuView.swift */,
				DBE4A79E2DDBD3B400B3B8C9 /* Cells */,
			);
			path = Screens;
			sourceTree = "<group>";
		};
		DBE4A79E2DDBD3B400B3B8C9 /* Cells */ = {
			isa = PBXGroup;
			children = (
				DB3613562DD8EA13005933CA /* CellNews.swift */,
				DB637C112DDA2D7800EA584F /* CellFavorites.swift */,
				DB10DF812DD93C970066DA77 /* CellBlocks.swift */,
				DB3067FD2DDA6CA900CD5144 /* CellBlocked.swift */,
			);
			path = Cells;
			sourceTree = "<group>";
		};
		DBE4A79F2DDBD43C00B3B8C9 /* Services */ = {
			isa = PBXGroup;
			children = (
				DB36134A2DD8C7E8005933CA /* Screens.swift */,
				DB637C052DDA124600EA584F /* PersistenceController.swift */,
				DB637C0F2DDA27CB00EA584F /* DataServices.swift */,
				DB1A30412DD9102300FF0205 /* NetworkService.swift */,
			);
			path = Services;
			sourceTree = "<group>";
		};
/* End PBXGroup section */

/* Begin PBXNativeTarget section */
		DB36131C2DD8BFBB005933CA /* News */ = {
			isa = PBXNativeTarget;
			buildConfigurationList = DB3613412DD8BFBE005933CA /* Build configuration list for PBXNativeTarget "News" */;
			buildPhases = (
				DB3613192DD8BFBB005933CA /* Sources */,
				DB36131A2DD8BFBB005933CA /* Frameworks */,
				DB36131B2DD8BFBB005933CA /* Resources */,
			);
			buildRules = (
			);
			dependencies = (
			);
			name = News;
			productName = News;
			productReference = DB36131D2DD8BFBB005933CA /* News.app */;
			productType = "com.apple.product-type.application";
		};
		DB36132C2DD8BFBE005933CA /* NewsTests */ = {
			isa = PBXNativeTarget;
			buildConfigurationList = DB3613442DD8BFBE005933CA /* Build configuration list for PBXNativeTarget "NewsTests" */;
			buildPhases = (
				DB3613292DD8BFBE005933CA /* Sources */,
				DB36132A2DD8BFBE005933CA /* Frameworks */,
				DB36132B2DD8BFBE005933CA /* Resources */,
			);
			buildRules = (
			);
			dependencies = (
				DB36132F2DD8BFBE005933CA /* PBXTargetDependency */,
			);
			name = NewsTests;
			productName = NewsTests;
			productReference = DB36132D2DD8BFBE005933CA /* NewsTests.xctest */;
			productType = "com.apple.product-type.bundle.unit-test";
		};
		DB3613362DD8BFBE005933CA /* NewsUITests */ = {
			isa = PBXNativeTarget;
			buildConfigurationList = DB3613472DD8BFBE005933CA /* Build configuration list for PBXNativeTarget "NewsUITests" */;
			buildPhases = (
				DB3613332DD8BFBE005933CA /* Sources */,
				DB3613342DD8BFBE005933CA /* Frameworks */,
				DB3613352DD8BFBE005933CA /* Resources */,
			);
			buildRules = (
			);
			dependencies = (
				DB3613392DD8BFBE005933CA /* PBXTargetDependency */,
			);
			name = NewsUITests;
			productName = NewsUITests;
			productReference = DB3613372DD8BFBE005933CA /* NewsUITests.xctest */;
			productType = "com.apple.product-type.bundle.ui-testing";
		};
/* End PBXNativeTarget section */

/* Begin PBXProject section */
		DB3613152DD8BFBB005933CA /* Project object */ = {
			isa = PBXProject;
			attributes = {
				BuildIndependentTargetsInParallel = 1;
				LastSwiftUpdateCheck = 1510;
				LastUpgradeCheck = 1510;
				TargetAttributes = {
					DB36131C2DD8BFBB005933CA = {
						CreatedOnToolsVersion = 15.1;
					};
					DB36132C2DD8BFBE005933CA = {
						CreatedOnToolsVersion = 15.1;
						TestTargetID = DB36131C2DD8BFBB005933CA;
					};
					DB3613362DD8BFBE005933CA = {
						CreatedOnToolsVersion = 15.1;
						TestTargetID = DB36131C2DD8BFBB005933CA;
					};
				};
			};
			buildConfigurationList = DB3613182DD8BFBB005933CA /* Build configuration list for PBXProject "News" */;
			compatibilityVersion = "Xcode 14.0";
			developmentRegion = en;
			hasScannedForEncodings = 0;
			knownRegions = (
				en,
				Base,
			);
			mainGroup = DB3613142DD8BFBB005933CA;
			productRefGroup = DB36131E2DD8BFBB005933CA /* Products */;
			projectDirPath = "";
			projectRoot = "";
			targets = (
				DB36131C2DD8BFBB005933CA /* News */,
				DB36132C2DD8BFBE005933CA /* NewsTests */,
				DB3613362DD8BFBE005933CA /* NewsUITests */,
			);
		};
/* End PBXProject section */

/* Begin PBXResourcesBuildPhase section */
		DB36131B2DD8BFBB005933CA /* Resources */ = {
			isa = PBXResourcesBuildPhase;
			buildActionMask = 2147483647;
			files = (
				DB1B84BE2DDCF43E00C27532 /* Launch Screen.storyboard in Resources */,
				DB3613282DD8BFBE005933CA /* Preview Assets.xcassets in Resources */,
				DB3613252DD8BFBE005933CA /* Assets.xcassets in Resources */,
			);
			runOnlyForDeploymentPostprocessing = 0;
		};
		DB36132B2DD8BFBE005933CA /* Resources */ = {
			isa = PBXResourcesBuildPhase;
			buildActionMask = 2147483647;
			files = (
			);
			runOnlyForDeploymentPostprocessing = 0;
		};
		DB3613352DD8BFBE005933CA /* Resources */ = {
			isa = PBXResourcesBuildPhase;
			buildActionMask = 2147483647;
			files = (
			);
			runOnlyForDeploymentPostprocessing = 0;
		};
/* End PBXResourcesBuildPhase section */

/* Begin PBXSourcesBuildPhase section */
		DB3613192DD8BFBB005933CA /* Sources */ = {
			isa = PBXSourcesBuildPhase;
			buildActionMask = 2147483647;
			files = (
				DBE4A79B2DDBC36000B3B8C9 /* ErrorApp.swift in Sources */,
				DB3613512DD8D055005933CA /* FavoritesView.swift in Sources */,
				DB3613572DD8EA13005933CA /* CellNews.swift in Sources */,
				DB36134B2DD8C7E8005933CA /* Screens.swift in Sources */,
				DB637C0E2DDA190C00EA584F /* MenuView.swift in Sources */,
				DB10DF842DD93E9E0066DA77 /* BlocksModel.swift in Sources */,
				DB1B84C02DDCFA4800C27532 /* CustomAlert.swift in Sources */,
				DB3613232DD8BFBB005933CA /* MainView.swift in Sources */,
				DB637C062DDA124600EA584F /* PersistenceController.swift in Sources */,
				DB1A30442DD91AFD00FF0205 /* NewsModel.swift in Sources */,
				DB1A30422DD9102300FF0205 /* NetworkService.swift in Sources */,
				DB3613592DD8F117005933CA /* Sizes.swift in Sources */,
				DB637C0C2DDA157A00EA584F /* FavoritesModel.xcdatamodeld in Sources */,
				DB637C102DDA27CB00EA584F /* DataServices.swift in Sources */,
				DB3067FE2DDA6CA900CD5144 /* CellBlocked.swift in Sources */,
				DB637C122DDA2D7800EA584F /* CellFavorites.swift in Sources */,
				DB3613212DD8BFBB005933CA /* NewsApp.swift in Sources */,
				DB10DF822DD93C970066DA77 /* CellBlocks.swift in Sources */,
				DB3068002DDA752F00CD5144 /* EmptyViewApp.swift in Sources */,
				DB3613552DD8D081005933CA /* AllNews.swift in Sources */,
				DB3613532DD8D062005933CA /* BlockedView.swift in Sources */,
			);
			runOnlyForDeploymentPostprocessing = 0;
		};
		DB3613292DD8BFBE005933CA /* Sources */ = {
			isa = PBXSourcesBuildPhase;
			buildActionMask = 2147483647;
			files = (
				DB3613322DD8BFBE005933CA /* NewsTests.swift in Sources */,
			);
			runOnlyForDeploymentPostprocessing = 0;
		};
		DB3613332DD8BFBE005933CA /* Sources */ = {
			isa = PBXSourcesBuildPhase;
			buildActionMask = 2147483647;
			files = (
				DB36133C2DD8BFBE005933CA /* NewsUITests.swift in Sources */,
				DB36133E2DD8BFBE005933CA /* NewsUITestsLaunchTests.swift in Sources */,
			);
			runOnlyForDeploymentPostprocessing = 0;
		};
/* End PBXSourcesBuildPhase section */

/* Begin PBXTargetDependency section */
		DB36132F2DD8BFBE005933CA /* PBXTargetDependency */ = {
			isa = PBXTargetDependency;
			target = DB36131C2DD8BFBB005933CA /* News */;
			targetProxy = DB36132E2DD8BFBE005933CA /* PBXContainerItemProxy */;
		};
		DB3613392DD8BFBE005933CA /* PBXTargetDependency */ = {
			isa = PBXTargetDependency;
			target = DB36131C2DD8BFBB005933CA /* News */;
			targetProxy = DB3613382DD8BFBE005933CA /* PBXContainerItemProxy */;
		};
/* End PBXTargetDependency section */

/* Begin XCBuildConfiguration section */
		DB36133F2DD8BFBE005933CA /* Debug */ = {
			isa = XCBuildConfiguration;
			buildSettings = {
				ALWAYS_SEARCH_USER_PATHS = NO;
				ASSETCATALOG_COMPILER_GENERATE_SWIFT_ASSET_SYMBOL_EXTENSIONS = YES;
				CLANG_ANALYZER_NONNULL = YES;
				CLANG_ANALYZER_NUMBER_OBJECT_CONVERSION = YES_AGGRESSIVE;
				CLANG_CXX_LANGUAGE_STANDARD = "gnu++20";
				CLANG_ENABLE_MODULES = YES;
				CLANG_ENABLE_OBJC_ARC = YES;
				CLANG_ENABLE_OBJC_WEAK = YES;
				CLANG_WARN_BLOCK_CAPTURE_AUTORELEASING = YES;
				CLANG_WARN_BOOL_CONVERSION = YES;
				CLANG_WARN_COMMA = YES;
				CLANG_WARN_CONSTANT_CONVERSION = YES;
				CLANG_WARN_DEPRECATED_OBJC_IMPLEMENTATIONS = YES;
				CLANG_WARN_DIRECT_OBJC_ISA_USAGE = YES_ERROR;
				CLANG_WARN_DOCUMENTATION_COMMENTS = YES;
				CLANG_WARN_EMPTY_BODY = YES;
				CLANG_WARN_ENUM_CONVERSION = YES;
				CLANG_WARN_INFINITE_RECURSION = YES;
				CLANG_WARN_INT_CONVERSION = YES;
				CLANG_WARN_NON_LITERAL_NULL_CONVERSION = YES;
				CLANG_WARN_OBJC_IMPLICIT_RETAIN_SELF = YES;
				CLANG_WARN_OBJC_LITERAL_CONVERSION = YES;
				CLANG_WARN_OBJC_ROOT_CLASS = YES_ERROR;
				CLANG_WARN_QUOTED_INCLUDE_IN_FRAMEWORK_HEADER = YES;
				CLANG_WARN_RANGE_LOOP_ANALYSIS = YES;
				CLANG_WARN_STRICT_PROTOTYPES = YES;
				CLANG_WARN_SUSPICIOUS_MOVE = YES;
				CLANG_WARN_UNGUARDED_AVAILABILITY = YES_AGGRESSIVE;
				CLANG_WARN_UNREACHABLE_CODE = YES;
				CLANG_WARN__DUPLICATE_METHOD_MATCH = YES;
				COPY_PHASE_STRIP = NO;
				DEBUG_INFORMATION_FORMAT = dwarf;
				ENABLE_STRICT_OBJC_MSGSEND = YES;
				ENABLE_TESTABILITY = YES;
				ENABLE_USER_SCRIPT_SANDBOXING = YES;
				GCC_C_LANGUAGE_STANDARD = gnu17;
				GCC_DYNAMIC_NO_PIC = NO;
				GCC_NO_COMMON_BLOCKS = YES;
				GCC_OPTIMIZATION_LEVEL = 0;
				GCC_PREPROCESSOR_DEFINITIONS = (
					"DEBUG=1",
					"$(inherited)",
				);
				GCC_WARN_64_TO_32_BIT_CONVERSION = YES;
				GCC_WARN_ABOUT_RETURN_TYPE = YES_ERROR;
				GCC_WARN_UNDECLARED_SELECTOR = YES;
				GCC_WARN_UNINITIALIZED_AUTOS = YES_AGGRESSIVE;
				GCC_WARN_UNUSED_FUNCTION = YES;
				GCC_WARN_UNUSED_VARIABLE = YES;
				IPHONEOS_DEPLOYMENT_TARGET = 17.2;
				LOCALIZATION_PREFERS_STRING_CATALOGS = YES;
				MTL_ENABLE_DEBUG_INFO = INCLUDE_SOURCE;
				MTL_FAST_MATH = YES;
				ONLY_ACTIVE_ARCH = YES;
				SDKROOT = iphoneos;
				SWIFT_ACTIVE_COMPILATION_CONDITIONS = "DEBUG $(inherited)";
				SWIFT_OPTIMIZATION_LEVEL = "-Onone";
			};
			name = Debug;
		};
		DB3613402DD8BFBE005933CA /* Release */ = {
			isa = XCBuildConfiguration;
			buildSettings = {
				ALWAYS_SEARCH_USER_PATHS = NO;
				ASSETCATALOG_COMPILER_GENERATE_SWIFT_ASSET_SYMBOL_EXTENSIONS = YES;
				CLANG_ANALYZER_NONNULL = YES;
				CLANG_ANALYZER_NUMBER_OBJECT_CONVERSION = YES_AGGRESSIVE;
				CLANG_CXX_LANGUAGE_STANDARD = "gnu++20";
				CLANG_ENABLE_MODULES = YES;
				CLANG_ENABLE_OBJC_ARC = YES;
				CLANG_ENABLE_OBJC_WEAK = YES;
				CLANG_WARN_BLOCK_CAPTURE_AUTORELEASING = YES;
				CLANG_WARN_BOOL_CONVERSION = YES;
				CLANG_WARN_COMMA = YES;
				CLANG_WARN_CONSTANT_CONVERSION = YES;
				CLANG_WARN_DEPRECATED_OBJC_IMPLEMENTATIONS = YES;
				CLANG_WARN_DIRECT_OBJC_ISA_USAGE = YES_ERROR;
				CLANG_WARN_DOCUMENTATION_COMMENTS = YES;
				CLANG_WARN_EMPTY_BODY = YES;
				CLANG_WARN_ENUM_CONVERSION = YES;
				CLANG_WARN_INFINITE_RECURSION = YES;
				CLANG_WARN_INT_CONVERSION = YES;
				CLANG_WARN_NON_LITERAL_NULL_CONVERSION = YES;
				CLANG_WARN_OBJC_IMPLICIT_RETAIN_SELF = YES;
				CLANG_WARN_OBJC_LITERAL_CONVERSION = YES;
				CLANG_WARN_OBJC_ROOT_CLASS = YES_ERROR;
				CLANG_WARN_QUOTED_INCLUDE_IN_FRAMEWORK_HEADER = YES;
				CLANG_WARN_RANGE_LOOP_ANALYSIS = YES;
				CLANG_WARN_STRICT_PROTOTYPES = YES;
				CLANG_WARN_SUSPICIOUS_MOVE = YES;
				CLANG_WARN_UNGUARDED_AVAILABILITY = YES_AGGRESSIVE;
				CLANG_WARN_UNREACHABLE_CODE = YES;
				CLANG_WARN__DUPLICATE_METHOD_MATCH = YES;
				COPY_PHASE_STRIP = NO;
				DEBUG_INFORMATION_FORMAT = "dwarf-with-dsym";
				ENABLE_NS_ASSERTIONS = NO;
				ENABLE_STRICT_OBJC_MSGSEND = YES;
				ENABLE_USER_SCRIPT_SANDBOXING = YES;
				GCC_C_LANGUAGE_STANDARD = gnu17;
				GCC_NO_COMMON_BLOCKS = YES;
				GCC_WARN_64_TO_32_BIT_CONVERSION = YES;
				GCC_WARN_ABOUT_RETURN_TYPE = YES_ERROR;
				GCC_WARN_UNDECLARED_SELECTOR = YES;
				GCC_WARN_UNINITIALIZED_AUTOS = YES_AGGRESSIVE;
				GCC_WARN_UNUSED_FUNCTION = YES;
				GCC_WARN_UNUSED_VARIABLE = YES;
				IPHONEOS_DEPLOYMENT_TARGET = 17.2;
				LOCALIZATION_PREFERS_STRING_CATALOGS = YES;
				MTL_ENABLE_DEBUG_INFO = NO;
				MTL_FAST_MATH = YES;
				SDKROOT = iphoneos;
				SWIFT_COMPILATION_MODE = wholemodule;
				VALIDATE_PRODUCT = YES;
			};
			name = Release;
		};
		DB3613422DD8BFBE005933CA /* Debug */ = {
			isa = XCBuildConfiguration;
			buildSettings = {
				ASSETCATALOG_COMPILER_APPICON_NAME = AppIcon;
				ASSETCATALOG_COMPILER_GLOBAL_ACCENT_COLOR_NAME = AccentColor;
				CODE_SIGN_STYLE = Automatic;
				CURRENT_PROJECT_VERSION = 1;
				DEVELOPMENT_ASSET_PATHS = "\"News/Preview Content\"";
				DEVELOPMENT_TEAM = DC8N6H76P9;
				ENABLE_PREVIEWS = YES;
				GENERATE_INFOPLIST_FILE = YES;
				INFOPLIST_KEY_UIApplicationSceneManifest_Generation = YES;
				INFOPLIST_KEY_UIApplicationSupportsIndirectInputEvents = YES;
				INFOPLIST_KEY_UILaunchScreen_Generation = YES;
				INFOPLIST_KEY_UILaunchStoryboardName = "Launch Screen.storyboard";
				INFOPLIST_KEY_UISupportedInterfaceOrientations = UIInterfaceOrientationPortrait;
				INFOPLIST_KEY_UISupportedInterfaceOrientations_iPad = "UIInterfaceOrientationLandscapeLeft UIInterfaceOrientationLandscapeRight UIInterfaceOrientationPortrait UIInterfaceOrientationPortraitUpsideDown";
				IPHONEOS_DEPLOYMENT_TARGET = 16.0;
				LD_RUNPATH_SEARCH_PATHS = (
					"$(inherited)",
					"@executable_path/Frameworks",
				);
				MARKETING_VERSION = 1.0;
				PRODUCT_BUNDLE_IDENTIFIER = com.darya.News;
				PRODUCT_NAME = "$(TARGET_NAME)";
				SUPPORTED_PLATFORMS = "iphoneos iphonesimulator";
				SUPPORTS_MACCATALYST = NO;
				SUPPORTS_MAC_DESIGNED_FOR_IPHONE_IPAD = NO;
				SWIFT_EMIT_LOC_STRINGS = YES;
				SWIFT_VERSION = 5.0;
				TARGETED_DEVICE_FAMILY = 1;
			};
			name = Debug;
		};
		DB3613432DD8BFBE005933CA /* Release */ = {
			isa = XCBuildConfiguration;
			buildSettings = {
				ASSETCATALOG_COMPILER_APPICON_NAME = AppIcon;
				ASSETCATALOG_COMPILER_GLOBAL_ACCENT_COLOR_NAME = AccentColor;
				CODE_SIGN_STYLE = Automatic;
				CURRENT_PROJECT_VERSION = 1;
				DEVELOPMENT_ASSET_PATHS = "\"News/Preview Content\"";
				DEVELOPMENT_TEAM = DC8N6H76P9;
				ENABLE_PREVIEWS = YES;
				GENERATE_INFOPLIST_FILE = YES;
				INFOPLIST_KEY_UIApplicationSceneManifest_Generation = YES;
				INFOPLIST_KEY_UIApplicationSupportsIndirectInputEvents = YES;
				INFOPLIST_KEY_UILaunchScreen_Generation = YES;
				INFOPLIST_KEY_UILaunchStoryboardName = "Launch Screen.storyboard";
				INFOPLIST_KEY_UISupportedInterfaceOrientations = UIInterfaceOrientationPortrait;
				INFOPLIST_KEY_UISupportedInterfaceOrientations_iPad = "UIInterfaceOrientationLandscapeLeft UIInterfaceOrientationLandscapeRight UIInterfaceOrientationPortrait UIInterfaceOrientationPortraitUpsideDown";
				IPHONEOS_DEPLOYMENT_TARGET = 16.0;
				LD_RUNPATH_SEARCH_PATHS = (
					"$(inherited)",
					"@executable_path/Frameworks",
				);
				MARKETING_VERSION = 1.0;
				PRODUCT_BUNDLE_IDENTIFIER = com.News;
				PRODUCT_NAME = "$(TARGET_NAME)";
				SWIFT_EMIT_LOC_STRINGS = YES;
				SWIFT_VERSION = 5.0;
				TARGETED_DEVICE_FAMILY = "1,2";
			};
			name = Release;
		};
		DB3613452DD8BFBE005933CA /* Debug */ = {
			isa = XCBuildConfiguration;
			buildSettings = {
				ALWAYS_EMBED_SWIFT_STANDARD_LIBRARIES = YES;
				BUNDLE_LOADER = "$(TEST_HOST)";
				CODE_SIGN_STYLE = Automatic;
				CURRENT_PROJECT_VERSION = 1;
				DEVELOPMENT_TEAM = DC8N6H76P9;
				GENERATE_INFOPLIST_FILE = YES;
				IPHONEOS_DEPLOYMENT_TARGET = 17.2;
				MARKETING_VERSION = 1.0;
				PRODUCT_BUNDLE_IDENTIFIER = com.NewsTests;
				PRODUCT_NAME = "$(TARGET_NAME)";
				SWIFT_EMIT_LOC_STRINGS = NO;
				SWIFT_VERSION = 5.0;
				TARGETED_DEVICE_FAMILY = "1,2";
				TEST_HOST = "$(BUILT_PRODUCTS_DIR)/News.app/$(BUNDLE_EXECUTABLE_FOLDER_PATH)/News";
			};
			name = Debug;
		};
		DB3613462DD8BFBE005933CA /* Release */ = {
			isa = XCBuildConfiguration;
			buildSettings = {
				ALWAYS_EMBED_SWIFT_STANDARD_LIBRARIES = YES;
				BUNDLE_LOADER = "$(TEST_HOST)";
				CODE_SIGN_STYLE = Automatic;
				CURRENT_PROJECT_VERSION = 1;
				DEVELOPMENT_TEAM = DC8N6H76P9;
				GENERATE_INFOPLIST_FILE = YES;
				IPHONEOS_DEPLOYMENT_TARGET = 17.2;
				MARKETING_VERSION = 1.0;
				PRODUCT_BUNDLE_IDENTIFIER = com.NewsTests;
				PRODUCT_NAME = "$(TARGET_NAME)";
				SWIFT_EMIT_LOC_STRINGS = NO;
				SWIFT_VERSION = 5.0;
				TARGETED_DEVICE_FAMILY = "1,2";
				TEST_HOST = "$(BUILT_PRODUCTS_DIR)/News.app/$(BUNDLE_EXECUTABLE_FOLDER_PATH)/News";
			};
			name = Release;
		};
		DB3613482DD8BFBE005933CA /* Debug */ = {
			isa = XCBuildConfiguration;
			buildSettings = {
				ALWAYS_EMBED_SWIFT_STANDARD_LIBRARIES = YES;
				CODE_SIGN_STYLE = Automatic;
				CURRENT_PROJECT_VERSION = 1;
				DEVELOPMENT_TEAM = DC8N6H76P9;
				GENERATE_INFOPLIST_FILE = YES;
				MARKETING_VERSION = 1.0;
				PRODUCT_BUNDLE_IDENTIFIER = com.NewsUITests;
				PRODUCT_NAME = "$(TARGET_NAME)";
				SWIFT_EMIT_LOC_STRINGS = NO;
				SWIFT_VERSION = 5.0;
				TARGETED_DEVICE_FAMILY = "1,2";
				TEST_TARGET_NAME = News;
			};
			name = Debug;
		};
		DB3613492DD8BFBE005933CA /* Release */ = {
			isa = XCBuildConfiguration;
			buildSettings = {
				ALWAYS_EMBED_SWIFT_STANDARD_LIBRARIES = YES;
				CODE_SIGN_STYLE = Automatic;
				CURRENT_PROJECT_VERSION = 1;
				DEVELOPMENT_TEAM = DC8N6H76P9;
				GENERATE_INFOPLIST_FILE = YES;
				MARKETING_VERSION = 1.0;
				PRODUCT_BUNDLE_IDENTIFIER = com.NewsUITests;
				PRODUCT_NAME = "$(TARGET_NAME)";
				SWIFT_EMIT_LOC_STRINGS = NO;
				SWIFT_VERSION = 5.0;
				TARGETED_DEVICE_FAMILY = "1,2";
				TEST_TARGET_NAME = News;
			};
			name = Release;
		};
/* End XCBuildConfiguration section */

/* Begin XCConfigurationList section */
		DB3613182DD8BFBB005933CA /* Build configuration list for PBXProject "News" */ = {
			isa = XCConfigurationList;
			buildConfigurations = (
				DB36133F2DD8BFBE005933CA /* Debug */,
				DB3613402DD8BFBE005933CA /* Release */,
			);
			defaultConfigurationIsVisible = 0;
			defaultConfigurationName = Release;
		};
		DB3613412DD8BFBE005933CA /* Build configuration list for PBXNativeTarget "News" */ = {
			isa = XCConfigurationList;
			buildConfigurations = (
				DB3613422DD8BFBE005933CA /* Debug */,
				DB3613432DD8BFBE005933CA /* Release */,
			);
			defaultConfigurationIsVisible = 0;
			defaultConfigurationName = Release;
		};
		DB3613442DD8BFBE005933CA /* Build configuration list for PBXNativeTarget "NewsTests" */ = {
			isa = XCConfigurationList;
			buildConfigurations = (
				DB3613452DD8BFBE005933CA /* Debug */,
				DB3613462DD8BFBE005933CA /* Release */,
			);
			defaultConfigurationIsVisible = 0;
			defaultConfigurationName = Release;
		};
		DB3613472DD8BFBE005933CA /* Build configuration list for PBXNativeTarget "NewsUITests" */ = {
			isa = XCConfigurationList;
			buildConfigurations = (
				DB3613482DD8BFBE005933CA /* Debug */,
				DB3613492DD8BFBE005933CA /* Release */,
			);
			defaultConfigurationIsVisible = 0;
			defaultConfigurationName = Release;
		};
/* End XCConfigurationList section */

/* Begin XCVersionGroup section */
		DB637C0A2DDA157A00EA584F /* FavoritesModel.xcdatamodeld */ = {
			isa = XCVersionGroup;
			children = (
				DB637C0B2DDA157A00EA584F /* FavoritesModel.xcdatamodel */,
			);
			currentVersion = DB637C0B2DDA157A00EA584F /* FavoritesModel.xcdatamodel */;
			path = FavoritesModel.xcdatamodeld;
			sourceTree = "<group>";
			versionGroupType = wrapper.xcdatamodel;
		};
/* End XCVersionGroup section */
	};
	rootObject = DB3613152DD8BFBB005933CA /* Project object */;
}
